# THIS IS AN AUTOGENERATED FILE. DO NOT EDIT THIS FILE DIRECTLY.
# yarn lockfile v1


prettier@^2.3.1:
  version "2.3.1"
  resolved "https://registry.yarnpkg.com/prettier/-/prettier-2.3.1.tgz#76903c3f8c4449bc9ac597acefa24dc5ad4cbea6"
  integrity sha512-p+vNbgpLjif/+D+DwAZAbndtRrR0md0MwfmOVN9N+2RgyACMT+7tfaRnT+WDPkqnuVwleyuBIG2XBxKDme3hPA==

thesaurus@^0.0.1:
  version "0.0.1"
  resolved "https://registry.yarnpkg.com/thesaurus/-/thesaurus-0.0.1.tgz#cd41b7b7ecd4f3f439e5ca330d1afcef8e5672cb"
  integrity sha512-EhaO3KcD3e3SgEeMvcaS0/lehYf4zpB0dL3cq/xT6VhWrz3G2bWmney6icIDi0hXGV40NI9T2f63AKBQ0ubfSQ==
